
Microsoft Visual Studio Solution File, Format Version 11.00
# Visual Studio 2010
Project("{FAE04EC0-301F-11D3-BF4B-00C04F79EFBC}") = "NewGame1", "NewGame1\NewGame1.csproj", "{29717EA7-DDD4-4D9F-BCEF-957E38E0A998}"
EndProject
Global
	GlobalSection(SolutionConfigurationPlatforms) = preSolution
		Debug|x86 = Debug|x86
		Release|x86 = Release|x86
	EndGlobalSection
	GlobalSection(ProjectConfigurationPlatforms) = postSolution
		{29717EA7-DDD4-4D9F-BCEF-957E38E0A998}.Debug|x86.ActiveCfg = Debug|x86
		{29717EA7-DDD4-4D9F-BCEF-957E38E0A998}.Debug|x86.Build.0 = Debug|x86
		{29717EA7-DDD4-4D9F-BCEF-957E38E0A998}.Release|x86.ActiveCfg = Release|x86
		{29717EA7-DDD4-4D9F-BCEF-957E38E0A998}.Release|x86.Build.0 = Release|x86
	EndGlobalSection
	GlobalSection(SolutionProperties) = preSolution
		HideSolutionNode = FALSE
	EndGlobalSection
EndGlobal
